#
# This file is autogenerated by pip-compile with Python 3.11
# by the following command:
#
#    pip-compile --output-file=requirements.lock requirements.in
#
certifi==2026.7.22
    # via
    #   -r requirements.txt
    #   requests
charset-normalizer==3.5.1
    # via
    #   -r requirements.txt
    #   requests
colorama==0.4.6
    # via
    #   -r requirements.txt
    #   pytest
idna==3.19
    # via
    #   -r requirements.txt
    #   requests
iniconfig==2.3.0
    # via
    #   -r requirements.txt
    #   pytest
packaging==26.3
    # via
    #   -r requirements.txt
    #   pytest
pluggy==1.6.0
    # via
    #   -r requirements.txt
    #   pytest
pygments==2.21.0
    # via
    #   -r requirements.txt
    #   pytest
pytest==9.1.1
    # via -r requirements.txt
requests==2.34.2
    # via -r requirements.txt
urllib3==2.8.0
    # via
    #   -r requirements.txt
    #   requests
